
Microsoft Visual Studio Solution File, Format Version 12.00
# Visual Studio 15
VisualStudioVersion = 15.0.28307.489
MinimumVisualStudioVersion = 10.0.40219.1
Project("{9A19103F-16F7-4668-BE54-9A1E7A4F7556}") = "CoreDemo", "CoreDemo\CoreDemo.csproj", "{95819012-ECA3-403A-A62F-7B9BD5D92C75}"
EndProject
Project("{9A19103F-16F7-4668-BE54-9A1E7A4F7556}") = "CoreDemo.Database", "CoreDemo.Database\CoreDemo.Database.csproj", "{3B4A9122-EFF5-4F66-A64E-D9A27DEAF268}"
EndProject
Global
	GlobalSection(SolutionConfigurationPlatforms) = preSolution
		Debug|Any CPU = Debug|Any CPU
		Release|Any CPU = Release|Any CPU
	EndGlobalSection
	GlobalSection(ProjectConfigurationPlatforms) = postSolution
		{95819012-ECA3-403A-A62F-7B9BD5D92C75}.Debug|Any CPU.ActiveCfg = Debug|Any CPU
		{95819012-ECA3-403A-A62F-7B9BD5D92C75}.Debug|Any CPU.Build.0 = Debug|Any CPU
		{95819012-ECA3-403A-A62F-7B9BD5D92C75}.Release|Any CPU.ActiveCfg = Release|Any CPU
		{95819012-ECA3-403A-A62F-7B9BD5D92C75}.Release|Any CPU.Build.0 = Release|Any CPU
		{3B4A9122-EFF5-4F66-A64E-D9A27DEAF268}.Debug|Any CPU.ActiveCfg = Debug|Any CPU
		{3B4A9122-EFF5-4F66-A64E-D9A27DEAF268}.Debug|Any CPU.Build.0 = Debug|Any CPU
		{3B4A9122-EFF5-4F66-A64E-D9A27DEAF268}.Release|Any CPU.ActiveCfg = Release|Any CPU
		{3B4A9122-EFF5-4F66-A64E-D9A27DEAF268}.Release|Any CPU.Build.0 = Release|Any CPU
	EndGlobalSection
	GlobalSection(SolutionProperties) = preSolution
		HideSolutionNode = FALSE
	EndGlobalSection
	GlobalSection(ExtensibilityGlobals) = postSolution
		SolutionGuid = {D3DD4106-02FD-4AC3-8E09-F9D5C1618D3B}
	EndGlobalSection
EndGlobal
